// !$*UTF8*$!
{
	archiveVersion = 1;
	classes = {
	};
	objectVersion = 48;
	objects = {

/* Begin PBXBuildFile section */
		275498691F78DBB5009672CE /* AppDelegate.m in Sources */ = {isa = PBXBuildFile; fileRef = 275498681F78DBB5009672CE /* AppDelegate.m */; };
		2754986C1F78DBB5009672CE /* ViewController.m in Sources */ = {isa = PBXBuildFile; fileRef = 2754986B1F78DBB5009672CE /* ViewController.m */; };
		2754986F1F78DBB5009672CE /* Main.storyboard in Resources */ = {isa = PBXBuildFile; fileRef = 2754986D1F78DBB5009672CE /* Main.storyboard */; };
		275498711F78DBB5009672CE /* Assets.xcassets in Resources */ = {isa = PBXBuildFile; fileRef = 275498701F78DBB5009672CE /* Assets.xcassets */; };
		275498741F78DBB5009672CE /* LaunchScreen.storyboard in Resources */ = {isa = PBXBuildFile; fileRef = 275498721F78DBB5009672CE /* LaunchScreen.storyboard */; };
		275498771F78DBB5009672CE /* main.m in Sources */ = {isa = PBXBuildFile; fileRef = 275498761F78DBB5009672CE /* main.m */; };
		27A454F91FE102BC00CC212F /* AARippleView.m in Sources */ = {isa = PBXBuildFile; fileRef = 27A454F81FE102BC00CC212F /* AARippleView.m */; };
		27A454FC1FE11B6900CC212F /* AADownLoadButton.m in Sources */ = {isa = PBXBuildFile; fileRef = 27A454FB1FE11B6900CC212F /* AADownLoadButton.m */; };
		27C252EB1FE2F16F0015E179 /* AADrawLineWithAnimationView.m in Sources */ = {isa = PBXBuildFile; fileRef = 27C252EA1FE2F16F0015E179 /* AADrawLineWithAnimationView.m */; };
		27D80FB41F8DF96A0065CBB4 /* AALinearProgressBar.m in Sources */ = {isa = PBXBuildFile; fileRef = 27D80FB31F8DF96A0065CBB4 /* AALinearProgressBar.m */; };
		27D80FB71F8DFA8F0065CBB4 /* SecondViewController.m in Sources */ = {isa = PBXBuildFile; fileRef = 27D80FB61F8DFA8F0065CBB4 /* SecondViewController.m */; };
		27D80FBB1F8E0B040065CBB4 /* AACircularProgressBar.m in Sources */ = {isa = PBXBuildFile; fileRef = 27D80FBA1F8E0B040065CBB4 /* AACircularProgressBar.m */; };
/* End PBXBuildFile section */

/* Begin PBXFileReference section */
		275498641F78DBB5009672CE /* AAProgressBarDemo.app */ = {isa = PBXFileReference; explicitFileType = wrapper.application; includeInIndex = 0; path = AAProgressBarDemo.app; sourceTree = BUILT_PRODUCTS_DIR; };
		275498671F78DBB5009672CE /* AppDelegate.h */ = {isa = PBXFileReference; lastKnownFileType = sourcecode.c.h; path = AppDelegate.h; sourceTree = "<group>"; };
		275498681F78DBB5009672CE /* AppDelegate.m */ = {isa = PBXFileReference; lastKnownFileType = sourcecode.c.objc; path = AppDelegate.m; sourceTree = "<group>"; };
		2754986A1F78DBB5009672CE /* ViewController.h */ = {isa = PBXFileReference; lastKnownFileType = sourcecode.c.h; path = ViewController.h; sourceTree = "<group>"; };
		2754986B1F78DBB5009672CE /* ViewController.m */ = {isa = PBXFileReference; lastKnownFileType = sourcecode.c.objc; path = ViewController.m; sourceTree = "<group>"; };
		2754986E1F78DBB5009672CE /* Base */ = {isa = PBXFileReference; lastKnownFileType = file.storyboard; name = Base; path = Base.lproj/Main.storyboard; sourceTree = "<group>"; };
		275498701F78DBB5009672CE /* Assets.xcassets */ = {isa = PBXFileReference; lastKnownFileType = folder.assetcatalog; path = Assets.xcassets; sourceTree = "<group>"; };
		275498731F78DBB5009672CE /* Base */ = {isa = PBXFileReference; lastKnownFileType = file.storyboard; name = Base; path = Base.lproj/LaunchScreen.storyboard; sourceTree = "<group>"; };
		275498751F78DBB5009672CE /* Info.plist */ = {isa = PBXFileReference; lastKnownFileType = text.plist.xml; path = Info.plist; sourceTree = "<group>"; };
		275498761F78DBB5009672CE /* main.m */ = {isa = PBXFileReference; lastKnownFileType = sourcecode.c.objc; path = main.m; sourceTree = "<group>"; };
		27A454F71FE102BC00CC212F /* AARippleView.h */ = {isa = PBXFileReference; fileEncoding = 4; lastKnownFileType = sourcecode.c.h; path = AARippleView.h; sourceTree = "<group>"; };
		27A454F81FE102BC00CC212F /* AARippleView.m */ = {isa = PBXFileReference; fileEncoding = 4; lastKnownFileType = sourcecode.c.objc; path = AARippleView.m; sourceTree = "<group>"; };
		27A454FA1FE11B6900CC212F /* AADownLoadButton.h */ = {isa = PBXFileReference; lastKnownFileType = sourcecode.c.h; path = AADownLoadButton.h; sourceTree = "<group>"; };
		27A454FB1FE11B6900CC212F /* AADownLoadButton.m */ = {isa = PBXFileReference; lastKnownFileType = sourcecode.c.objc; path = AADownLoadButton.m; sourceTree = "<group>"; };
		27C252E91FE2F16F0015E179 /* AADrawLineWithAnimationView.h */ = {isa = PBXFileReference; lastKnownFileType = sourcecode.c.h; path = AADrawLineWithAnimationView.h; sourceTree = "<group>"; };
		27C252EA1FE2F16F0015E179 /* AADrawLineWithAnimationView.m */ = {isa = PBXFileReference; lastKnownFileType = sourcecode.c.objc; path = AADrawLineWithAnimationView.m; sourceTree = "<group>"; };
		27D80FB21F8DF96A0065CBB4 /* AALinearProgressBar.h */ = {isa = PBXFileReference; lastKnownFileType = sourcecode.c.h; path = AALinearProgressBar.h; sourceTree = "<group>"; };
		27D80FB31F8DF96A0065CBB4 /* AALinearProgressBar.m */ = {isa = PBXFileReference; lastKnownFileType = sourcecode.c.objc; path = AALinearProgressBar.m; sourceTree = "<group>"; };
		27D80FB51F8DFA8F0065CBB4 /* SecondViewController.h */ = {isa = PBXFileReference; lastKnownFileType = sourcecode.c.h; path = SecondViewController.h; sourceTree = "<group>"; };
		27D80FB61F8DFA8F0065CBB4 /* SecondViewController.m */ = {isa = PBXFileReference; lastKnownFileType = sourcecode.c.objc; path = SecondViewController.m; sourceTree = "<group>"; };
		27D80FB81F8E07500065CBB4 /* AAProgressBar.h */ = {isa = PBXFileReference; lastKnownFileType = sourcecode.c.h; path = AAProgressBar.h; sourceTree = "<group>"; };
		27D80FB91F8E0B040065CBB4 /* AACircularProgressBar.h */ = {isa = PBXFileReference; lastKnownFileType = sourcecode.c.h; path = AACircularProgressBar.h; sourceTree = "<group>"; };
		27D80FBA1F8E0B040065CBB4 /* AACircularProgressBar.m */ = {isa = PBXFileReference; lastKnownFileType = sourcecode.c.objc; path = AACircularProgressBar.m; sourceTree = "<group>"; };
/* End PBXFileReference section */

/* Begin PBXFrameworksBuildPhase section */
		275498611F78DBB5009672CE /* Frameworks */ = {
			isa = PBXFrameworksBuildPhase;
			buildActionMask = 2147483647;
			files = (
			);
			runOnlyForDeploymentPostprocessing = 0;
		};
/* End PBXFrameworksBuildPhase section */

/* Begin PBXGroup section */
		2754985B1F78DBB5009672CE = {
			isa = PBXGroup;
			children = (
				275498661F78DBB5009672CE /* AAProgressBarDemo */,
				275498651F78DBB5009672CE /* Products */,
			);
			sourceTree = "<group>";
		};
		275498651F78DBB5009672CE /* Products */ = {
			isa = PBXGroup;
			children = (
				275498641F78DBB5009672CE /* AAProgressBarDemo.app */,
			);
			name = Products;
			sourceTree = "<group>";
		};
		275498661F78DBB5009672CE /* AAProgressBarDemo */ = {
			isa = PBXGroup;
			children = (
				2754987D1F79DBC9009672CE /* AAProgressBar */,
				275498671F78DBB5009672CE /* AppDelegate.h */,
				275498681F78DBB5009672CE /* AppDelegate.m */,
				2754986A1F78DBB5009672CE /* ViewController.h */,
				2754986B1F78DBB5009672CE /* ViewController.m */,
				27D80FB51F8DFA8F0065CBB4 /* SecondViewController.h */,
				27D80FB61F8DFA8F0065CBB4 /* SecondViewController.m */,
				2754986D1F78DBB5009672CE /* Main.storyboard */,
				275498701F78DBB5009672CE /* Assets.xcassets */,
				275498721F78DBB5009672CE /* LaunchScreen.storyboard */,
				275498751F78DBB5009672CE /* Info.plist */,
				275498761F78DBB5009672CE /* main.m */,
			);
			path = AAProgressBarDemo;
			sourceTree = "<group>";
		};
		2754987D1F79DBC9009672CE /* AAProgressBar */ = {
			isa = PBXGroup;
			children = (
				27D80FB81F8E07500065CBB4 /* AAProgressBar.h */,
				27D80FB21F8DF96A0065CBB4 /* AALinearProgressBar.h */,
				27D80FB31F8DF96A0065CBB4 /* AALinearProgressBar.m */,
				27D80FB91F8E0B040065CBB4 /* AACircularProgressBar.h */,
				27D80FBA1F8E0B040065CBB4 /* AACircularProgressBar.m */,
				27A454F71FE102BC00CC212F /* AARippleView.h */,
				27A454F81FE102BC00CC212F /* AARippleView.m */,
				27C252E91FE2F16F0015E179 /* AADrawLineWithAnimationView.h */,
				27C252EA1FE2F16F0015E179 /* AADrawLineWithAnimationView.m */,
				27A454FA1FE11B6900CC212F /* AADownLoadButton.h */,
				27A454FB1FE11B6900CC212F /* AADownLoadButton.m */,
			);
			name = AAProgressBar;
			path = ../../AAProgressBar;
			sourceTree = "<group>";
		};
/* End PBXGroup section */

/* Begin PBXNativeTarget section */
		275498631F78DBB5009672CE /* AAProgressBarDemo */ = {
			isa = PBXNativeTarget;
			buildConfigurationList = 2754987A1F78DBB5009672CE /* Build configuration list for PBXNativeTarget "AAProgressBarDemo" */;
			buildPhases = (
				275498601F78DBB5009672CE /* Sources */,
				275498611F78DBB5009672CE /* Frameworks */,
				275498621F78DBB5009672CE /* Resources */,
			);
			buildRules = (
			);
			dependencies = (
			);
			name = AAProgressBarDemo;
			productName = AAProgressBarDemo;
			productReference = 275498641F78DBB5009672CE /* AAProgressBarDemo.app */;
			productType = "com.apple.product-type.application";
		};
/* End PBXNativeTarget section */

/* Begin PBXProject section */
		2754985C1F78DBB5009672CE /* Project object */ = {
			isa = PBXProject;
			attributes = {
				LastUpgradeCheck = 0900;
				ORGANIZATIONNAME = "An An";
				TargetAttributes = {
					275498631F78DBB5009672CE = {
						CreatedOnToolsVersion = 9.0;
						ProvisioningStyle = Automatic;
					};
				};
			};
			buildConfigurationList = 2754985F1F78DBB5009672CE /* Build configuration list for PBXProject "AAProgressBarDemo" */;
			compatibilityVersion = "Xcode 8.0";
			developmentRegion = en;
			hasScannedForEncodings = 0;
			knownRegions = (
				en,
				Base,
			);
			mainGroup = 2754985B1F78DBB5009672CE;
			productRefGroup = 275498651F78DBB5009672CE /* Products */;
			projectDirPath = "";
			projectRoot = "";
			targets = (
				275498631F78DBB5009672CE /* AAProgressBarDemo */,
			);
		};
/* End PBXProject section */

/* Begin PBXResourcesBuildPhase section */
		275498621F78DBB5009672CE /* Resources */ = {
			isa = PBXResourcesBuildPhase;
			buildActionMask = 2147483647;
			files = (
				275498741F78DBB5009672CE /* LaunchScreen.storyboard in Resources */,
				275498711F78DBB5009672CE /* Assets.xcassets in Resources */,
				2754986F1F78DBB5009672CE /* Main.storyboard in Resources */,
			);
			runOnlyForDeploymentPostprocessing = 0;
		};
/* End PBXResourcesBuildPhase section */

/* Begin PBXSourcesBuildPhase section */
		275498601F78DBB5009672CE /* Sources */ = {
			isa = PBXSourcesBuildPhase;
			buildActionMask = 2147483647;
			files = (
				27A454FC1FE11B6900CC212F /* AADownLoadButton.m in Sources */,
				27D80FB71F8DFA8F0065CBB4 /* SecondViewController.m in Sources */,
				27C252EB1FE2F16F0015E179 /* AADrawLineWithAnimationView.m in Sources */,
				27A454F91FE102BC00CC212F /* AARippleView.m in Sources */,
				2754986C1F78DBB5009672CE /* ViewController.m in Sources */,
				275498771F78DBB5009672CE /* main.m in Sources */,
				27D80FBB1F8E0B040065CBB4 /* AACircularProgressBar.m in Sources */,
				275498691F78DBB5009672CE /* AppDelegate.m in Sources */,
				27D80FB41F8DF96A0065CBB4 /* AALinearProgressBar.m in Sources */,
			);
			runOnlyForDeploymentPostprocessing = 0;
		};
/* End PBXSourcesBuildPhase section */

/* Begin PBXVariantGroup section */
		2754986D1F78DBB5009672CE /* Main.storyboard */ = {
			isa = PBXVariantGroup;
			children = (
				2754986E1F78DBB5009672CE /* Base */,
			);
			name = Main.storyboard;
			sourceTree = "<group>";
		};
		275498721F78DBB5009672CE /* LaunchScreen.storyboard */ = {
			isa = PBXVariantGroup;
			children = (
				275498731F78DBB5009672CE /* Base */,
			);
			name = LaunchScreen.storyboard;
			sourceTree = "<group>";
		};
/* End PBXVariantGroup section */

/* Begin XCBuildConfiguration section */
		275498781F78DBB5009672CE /* Debug */ = {
			isa = XCBuildConfiguration;
			buildSettings = {
				ALWAYS_SEARCH_USER_PATHS = NO;
				CLANG_ANALYZER_NONNULL = YES;
				CLANG_ANALYZER_NUMBER_OBJECT_CONVERSION = YES_AGGRESSIVE;
				CLANG_CXX_LANGUAGE_STANDARD = "gnu++14";
				CLANG_CXX_LIBRARY = "libc++";
				CLANG_ENABLE_MODULES = YES;
				CLANG_ENABLE_OBJC_ARC = YES;
				CLANG_WARN_BLOCK_CAPTURE_AUTORELEASING = YES;
				CLANG_WARN_BOOL_CONVERSION = YES;
				CLANG_WARN_COMMA = YES;
				CLANG_WARN_CONSTANT_CONVERSION = YES;
				CLANG_WARN_DIRECT_OBJC_ISA_USAGE = YES_ERROR;
				CLANG_WARN_DOCUMENTATION_COMMENTS = YES;
				CLANG_WARN_EMPTY_BODY = YES;
				CLANG_WARN_ENUM_CONVERSION = YES;
				CLANG_WARN_INFINITE_RECURSION = YES;
				CLANG_WARN_INT_CONVERSION = YES;
				CLANG_WARN_NON_LITERAL_NULL_CONVERSION = YES;
				CLANG_WARN_OBJC_LITERAL_CONVERSION = YES;
				CLANG_WARN_OBJC_ROOT_CLASS = YES_ERROR;
				CLANG_WARN_RANGE_LOOP_ANALYSIS = YES;
				CLANG_WARN_STRICT_PROTOTYPES = YES;
				CLANG_WARN_SUSPICIOUS_MOVE = YES;
				CLANG_WARN_UNGUARDED_AVAILABILITY = YES_AGGRESSIVE;
				CLANG_WARN_UNREACHABLE_CODE = YES;
				CLANG_WARN__DUPLICATE_METHOD_MATCH = YES;
				CODE_SIGN_IDENTITY = "iPhone Developer";
				COPY_PHASE_STRIP = NO;
				DEBUG_INFORMATION_FORMAT = dwarf;
				ENABLE_STRICT_OBJC_MSGSEND = YES;
				ENABLE_TESTABILITY = YES;
				GCC_C_LANGUAGE_STANDARD = gnu11;
				GCC_DYNAMIC_NO_PIC = NO;
				GCC_NO_COMMON_BLOCKS = YES;
				GCC_OPTIMIZATION_LEVEL = 0;
				GCC_PREPROCESSOR_DEFINITIONS = (
					"DEBUG=1",
					"$(inherited)",
				);
				GCC_WARN_64_TO_32_BIT_CONVERSION = YES;
				GCC_WARN_ABOUT_RETURN_TYPE = YES_ERROR;
				GCC_WARN_UNDECLARED_SELECTOR = YES;
				GCC_WARN_UNINITIALIZED_AUTOS = YES_AGGRESSIVE;
				GCC_WARN_UNUSED_FUNCTION = YES;
				GCC_WARN_UNUSED_VARIABLE = YES;
				IPHONEOS_DEPLOYMENT_TARGET = 11.0;
				MTL_ENABLE_DEBUG_INFO = YES;
				ONLY_ACTIVE_ARCH = YES;
				SDKROOT = iphoneos;
			};
			name = Debug;
		};
		275498791F78DBB5009672CE /* Release */ = {
			isa = XCBuildConfiguration;
			buildSettings = {
				ALWAYS_SEARCH_USER_PATHS = NO;
				CLANG_ANALYZER_NONNULL = YES;
				CLANG_ANALYZER_NUMBER_OBJECT_CONVERSION = YES_AGGRESSIVE;
				CLANG_CXX_LANGUAGE_STANDARD = "gnu++14";
				CLANG_CXX_LIBRARY = "libc++";
				CLANG_ENABLE_MODULES = YES;
				CLANG_ENABLE_OBJC_ARC = YES;
				CLANG_WARN_BLOCK_CAPTURE_AUTORELEASING = YES;
				CLANG_WARN_BOOL_CONVERSION = YES;
				CLANG_WARN_COMMA = YES;
				CLANG_WARN_CONSTANT_CONVERSION = YES;
				CLANG_WARN_DIRECT_OBJC_ISA_USAGE = YES_ERROR;
				CLANG_WARN_DOCUMENTATION_COMMENTS = YES;
				CLANG_WARN_EMPTY_BODY = YES;
				CLANG_WARN_ENUM_CONVERSION = YES;
				CLANG_WARN_INFINITE_RECURSION = YES;
				CLANG_WARN_INT_CONVERSION = YES;
				CLANG_WARN_NON_LITERAL_NULL_CONVERSION = YES;
				CLANG_WARN_OBJC_LITERAL_CONVERSION = YES;
				CLANG_WARN_OBJC_ROOT_CLASS = YES_ERROR;
				CLANG_WARN_RANGE_LOOP_ANALYSIS = YES;
				CLANG_WARN_STRICT_PROTOTYPES = YES;
				CLANG_WARN_SUSPICIOUS_MOVE = YES;
				CLANG_WARN_UNGUARDED_AVAILABILITY = YES_AGGRESSIVE;
				CLANG_WARN_UNREACHABLE_CODE = YES;
				CLANG_WARN__DUPLICATE_METHOD_MATCH = YES;
				CODE_SIGN_IDENTITY = "iPhone Developer";
				COPY_PHASE_STRIP = NO;
				DEBUG_INFORMATION_FORMAT = "dwarf-with-dsym";
				ENABLE_NS_ASSERTIONS = NO;
				ENABLE_STRICT_OBJC_MSGSEND = YES;
				GCC_C_LANGUAGE_STANDARD = gnu11;
				GCC_NO_COMMON_BLOCKS = YES;
				GCC_WARN_64_TO_32_BIT_CONVERSION = YES;
				GCC_WARN_ABOUT_RETURN_TYPE = YES_ERROR;
				GCC_WARN_UNDECLARED_SELECTOR = YES;
				GCC_WARN_UNINITIALIZED_AUTOS = YES_AGGRESSIVE;
				GCC_WARN_UNUSED_FUNCTION = YES;
				GCC_WARN_UNUSED_VARIABLE = YES;
				IPHONEOS_DEPLOYMENT_TARGET = 11.0;
				MTL_ENABLE_DEBUG_INFO = NO;
				SDKROOT = iphoneos;
				VALIDATE_PRODUCT = YES;
			};
			name = Release;
		};
		2754987B1F78DBB5009672CE /* Debug */ = {
			isa = XCBuildConfiguration;
			buildSettings = {
				ASSETCATALOG_COMPILER_APPICON_NAME = AppIcon;
				CODE_SIGN_STYLE = Automatic;
				INFOPLIST_FILE = AAProgressBarDemo/Info.plist;
				LD_RUNPATH_SEARCH_PATHS = "$(inherited) @executable_path/Frameworks";
				PRODUCT_BUNDLE_IDENTIFIER = Hobbies.AAProgressBarDemo;
				PRODUCT_NAME = "$(TARGET_NAME)";
				TARGETED_DEVICE_FAMILY = "1,2";
			};
			name = Debug;
		};
		2754987C1F78DBB5009672CE /* Release */ = {
			isa = XCBuildConfiguration;
			buildSettings = {
				ASSETCATALOG_COMPILER_APPICON_NAME = AppIcon;
				CODE_SIGN_STYLE = Automatic;
				INFOPLIST_FILE = AAProgressBarDemo/Info.plist;
				LD_RUNPATH_SEARCH_PATHS = "$(inherited) @executable_path/Frameworks";
				PRODUCT_BUNDLE_IDENTIFIER = Hobbies.AAProgressBarDemo;
				PRODUCT_NAME = "$(TARGET_NAME)";
				TARGETED_DEVICE_FAMILY = "1,2";
			};
			name = Release;
		};
/* End XCBuildConfiguration section */

/* Begin XCConfigurationList section */
		2754985F1F78DBB5009672CE /* Build configuration list for PBXProject "AAProgressBarDemo" */ = {
			isa = XCConfigurationList;
			buildConfigurations = (
				275498781F78DBB5009672CE /* Debug */,
				275498791F78DBB5009672CE /* Release */,
			);
			defaultConfigurationIsVisible = 0;
			defaultConfigurationName = Release;
		};
		2754987A1F78DBB5009672CE /* Build configuration list for PBXNativeTarget "AAProgressBarDemo" */ = {
			isa = XCConfigurationList;
			buildConfigurations = (
				2754987B1F78DBB5009672CE /* Debug */,
				2754987C1F78DBB5009672CE /* Release */,
			);
			defaultConfigurationIsVisible = 0;
			defaultConfigurationName = Release;
		};
/* End XCConfigurationList section */
	};
	rootObject = 2754985C1F78DBB5009672CE /* Project object */;
}
